
Microsoft Visual Studio Solution File, Format Version 12.00
# Visual Studio Version 17
VisualStudioVersion = 17.3.32922.545
MinimumVisualStudioVersion = 10.0.40219.1
Project("{FAE04EC0-301F-11D3-BF4B-00C04F79EFBC}") = "Ranking", "Ranking.csproj", "{A40F49EF-681D-4A56-8FF8-D8D9B3B600E1}"
EndProject
Global
	GlobalSection(SolutionConfigurationPlatforms) = preSolution
		Debug|Any CPU = Debug|Any CPU
		Release|Any CPU = Release|Any CPU
	EndGlobalSection
	GlobalSection(ProjectConfigurationPlatforms) = postSolution
		{A40F49EF-681D-4A56-8FF8-D8D9B3B600E1}.Debug|Any CPU.ActiveCfg = Debug|Any CPU
		{A40F49EF-681D-4A56-8FF8-D8D9B3B600E1}.Debug|Any CPU.Build.0 = Debug|Any CPU
		{A40F49EF-681D-4A56-8FF8-D8D9B3B600E1}.Release|Any CPU.ActiveCfg = Release|Any CPU
		{A40F49EF-681D-4A56-8FF8-D8D9B3B600E1}.Release|Any CPU.Build.0 = Release|Any CPU
	EndGlobalSection
	GlobalSection(SolutionProperties) = preSolution
		HideSolutionNode = FALSE
	EndGlobalSection
	GlobalSection(ExtensibilityGlobals) = postSolution
		SolutionGuid = {C62E0ECB-1F02-4867-892B-A2C50F44573C}
	EndGlobalSection
EndGlobal
